version = 1
revision = 3
requires-python = ">=3.9"
resolution-markers = [
    "python_full_version >= '3.10'",
    "python_full_version < '3.10'",
]

[[package]]
name = "cachetools"
version = "6.2.6"
source = { registry = "https://pypi.org/simple" }
resolution-markers = [
    "python_full_version < '3.10'",
]
sdist = { url = "https://files.pythonhosted.org/packages/39/91/d9ae9a66b01102a18cd16db0cf4cd54187ffe10f0865cc80071a4104fbb3/cachetools-6.2.6.tar.gz", hash = "sha256:16c33e1f276b9a9c0b49ab5782d901e3ad3de0dd6da9bf9bcd29ac5672f2f9e6", size = 32363, upload-time = "2026-01-27T20:32:59.956Z" }
wheels = [
    { url = "https://files.pythonhosted.org/packages/90/45/f458fa2c388e79dd9d8b9b0c99f1d31b568f27388f2fdba7bb66bbc0c6ed/cachetools-6.2.6-py3-none-any.whl", hash = "sha256:8c9717235b3c651603fff0076db52d6acbfd1b338b8ed50256092f7ce9c85bda", size = 11668, upload-time = "2026-01-27T20:32:58.527Z" },
]

[[package]]
name = "cachetools"
version = "7.1.4"
source = { registry = "https://pypi.org/simple" }
resolution-markers = [
    "python_full_version >= '3.10'",
]
sdist = { url = "https://files.pythonhosted.org/packages/f4/8b/0d3945a13955303b81272f759a0331e54c5c793da455e6f5706b89d2639c/cachetools-7.1.4.tar.gz", hash = "sha256:437f55a4e0c1b01a4f3077cc470e6991d47430970e36fbcb77e2be0df4fc1cd6", size = 40085, upload-time = "2026-05-21T22:40:43.376Z" }
wheels = [
    { url = "https://files.pythonhosted.org/packages/8c/7b/1fc1c09cc0756cf25861a3be10565915953876da48bb228fb9a672b20a42/cachetools-7.1.4-py3-none-any.whl", hash = "sha256:323dc4127934744db5b54eb4924482d7edafbf9554e820d1531c2e08c0e4ef54", size = 16761, upload-time = "2026-05-21T22:40:41.845Z" },
]

[[package]]
name = "caeneus-native"
version = "0.1.3"
source = { editable = "." }

[package.optional-dependencies]
benchmarks = [
    { name = "cachetools", version = "6.2.6", source = { registry = "https://pypi.org/simple" }, marker = "python_full_version < '3.10'" },
    { name = "cachetools", version = "7.1.4", source = { registry = "https://pypi.org/simple" }, marker = "python_full_version >= '3.10'" },
    { name = "lru-dict" },
]

[package.metadata]
requires-dist = [
    { name = "cachetools", marker = "extra == 'benchmarks'", specifier = ">=6.2.6" },
    { name = "lru-dict", marker = "extra == 'benchmarks'", specifier = ">=1.4.1" },
]
provides-extras = ["benchmarks"]

[[package]]
name = "lru-dict"
version = "1.4.1"
source = { registry = "https://pypi.org/simple" }
sdist = { url = "https://files.pythonhosted.org/packages/06/0a/dec86efe38b350314c49a8d39ef01ba7cf8bbbef1d177646320eedea7159/lru_dict-1.4.1.tar.gz", hash = "sha256:cc518ff2d38cc7a8ab56f9a6ae557f91e2e1524b57ed8e598e97f45a2bd708fc", size = 13439, upload-time = "2025-11-02T10:02:13.548Z" }
wheels = [
    { url = "https://files.pythonhosted.org/packages/a4/6c/396716746ca46fd2ac52a7a6cbd7b4cf848e5d430f431dacd209290dfa71/lru_dict-1.4.1-cp310-cp310-macosx_10_9_universal2.whl", hash = "sha256:3766e397aa6de1ca3442729bc1fa75834ab7b0a6b017e6e197d3a66b61abde59", size = 16757, upload-time = "2025-11-02T10:00:55.767Z" },
    { url = "https://files.pythonhosted.org/packages/2d/93/c163ffb71beb18f18459461658fd16c8b8c86aed858f2dc7c7e636318f61/lru_dict-1.4.1-cp310-cp310-macosx_10_9_x86_64.whl", hash = "sha256:658e152d3a4ad0e1d75e6f53b1fa353779539920b38be99f4ea33d3bad41efdb", size = 11243, upload-time = "2025-11-02T10:00:56.715Z" },
    { url = "https://files.pythonhosted.org/packages/44/e3/fa96d54032531c67eeacf0ab6f56e10e05f25d382a29f6a381ac8ecf3814/lru_dict-1.4.1-cp310-cp310-macosx_11_0_arm64.whl", hash = "sha256:98af7044b5c3d85a649e1afb8891829ff5210caf9143acc741b3e98ab1b66ff6", size = 11726, upload-time = "2025-11-02T10:00:57.377Z" },
    { url = "https://files.pythonhosted.org/packages/7a/23/bae4f32fb014fd2dc5512e9267a3b1ec34c3b55d16a2202a1193d9ae635d/lru_dict-1.4.1-cp310-cp310-manylinux1_x86_64.manylinux_2_28_x86_64.manylinux_2_5_x86_64.whl", hash = "sha256:906d99705b79a00b5668bdb8782ad823ccc8d26e1fc6b56327ae469a8d12e9b4", size = 29823, upload-time = "2025-11-02T10:00:58.34Z" },
    { url = "https://files.pythonhosted.org/packages/9f/3b/8c3d1e6a188ce65e0161b86dbd18f2290950baf1e9e28e4948fc123d9a67/lru_dict-1.4.1-cp310-cp310-manylinux2014_aarch64.manylinux_2_17_aarch64.manylinux_2_28_aarch64.whl", hash = "sha256:885643fd968336d8652fddb0778184e2eeff7b7aebced6de268af6d6caef42d5", size = 30812, upload-time = "2025-11-02T10:00:59.358Z" },
    { url = "https://files.pythonhosted.org/packages/ed/11/7f061507eda944150ed959e99a3700ce6358c1241c7f697b2f1ade48646b/lru_dict-1.4.1-cp310-cp310-manylinux2014_ppc64le.manylinux_2_17_ppc64le.manylinux_2_28_ppc64le.whl", hash = "sha256:24c779334bed82f1a7eb2d1ebcba2b7aa9a1555d40a3b53e05eb6b9dfcb0609c", size = 32480, upload-time = "2025-11-02T10:01:00.141Z" },
    { url = "https://files.pythonhosted.org/packages/75/e7/94ac30d33c6f8a8eca5d7e81c0ce26fb7b79b18ea65accdcb2a652b19abc/lru_dict-1.4.1-cp310-cp310-musllinux_1_2_aarch64.whl", hash = "sha256:c6099e2ecb118dfeae4a197bfcc702ea5841bfd86f19d1b340e932d0f5c47c10", size = 30199, upload-time = "2025-11-02T10:01:01.31Z" },
    { url = "https://files.pythonhosted.org/packages/4a/81/c93ee7365db67dfb497e6218aa0395b9ec878c07c732d348bfbd651bcc95/lru_dict-1.4.1-cp310-cp310-musllinux_1_2_ppc64le.whl", hash = "sha256:4e0db4f3105108598749550e639b283b07df0bb91cac3b47e86ffebcab721cc7", size = 31489, upload-time = "2025-11-02T10:01:02.363Z" },
    { url = "https://files.pythonhosted.org/packages/9f/0b/634e8b4eca2497647f802bbe1ae3f0e1e9a0de1d555cf77c022527b2682f/lru_dict-1.4.1-cp310-cp310-musllinux_1_2_x86_64.whl", hash = "sha256:e21f67ba374d1945051b547e719d44a8c7880718f67a15a03e7a12e1d12ea96b", size = 29522, upload-time = "2025-11-02T10:01:03.399Z" },
    { url = "https://files.pythonhosted.org/packages/de/cc/591b959d77cc0e0ac016f11baf26d03d566bb88a53fa9b41e157bc68bc4b/lru_dict-1.4.1-cp310-cp310-win32.whl", hash = "sha256:f309b4018dd41f33bf3bd4cc0f62421da8bcca513ea044dbb22f3cd029935012", size = 13066, upload-time = "2025-11-02T10:01:04.457Z" },
    { url = "https://files.pythonhosted.org/packages/d9/bc/c14b67fdbdb5a2a81cfb907ea8a8b0c9da5aed899f34921ebf097e22a966/lru_dict-1.4.1-cp310-cp310-win_amd64.whl", hash = "sha256:e84cd1065955897de01f1fb4cbd6f87cab7706e920283bb98c27341d76dd9a8d", size = 14008, upload-time = "2025-11-02T10:01:05.421Z" },
    { url = "https://files.pythonhosted.org/packages/4c/ff/1d02bc444174f07d3ce747568989969c97dc77d0513f4c3b8b6224cb976f/lru_dict-1.4.1-cp311-cp311-macosx_10_9_universal2.whl", hash = "sha256:cc74c49cf1c26d6c28d8f6988cf0354696ca38a4f6012fa63055d2800791784b", size = 16760, upload-time = "2025-11-02T10:01:06.492Z" },
    { url = "https://files.pythonhosted.org/packages/0b/d8/e2e970272ea5fe7ba6349a5e7d0bb0fd814f5d1b88a53bc72b8c2a5e034f/lru_dict-1.4.1-cp311-cp311-macosx_10_9_x86_64.whl", hash = "sha256:0158db85dfb2cd2fd2ddaa47709bdb073f814e0a8a149051b70b07e59ac83231", size = 11249, upload-time = "2025-11-02T10:01:07.261Z" },
    { url = "https://files.pythonhosted.org/packages/a5/26/860b5e60f339f8038118028388926224c8b70779e8243d68772e0e0d0ab3/lru_dict-1.4.1-cp311-cp311-macosx_11_0_arm64.whl", hash = "sha256:c8ac5cfd56e036bd8d7199626147044485fa64a163a5bde96bfa5a1c7fea2273", size = 11728, upload-time = "2025-11-02T10:01:08.185Z" },
    { url = "https://files.pythonhosted.org/packages/61/55/fc8f71953fd343ede33810b0a000b4130e03635ae09b28569e45735ded2f/lru_dict-1.4.1-cp311-cp311-manylinux1_x86_64.manylinux_2_28_x86_64.manylinux_2_5_x86_64.whl", hash = "sha256:2eb2058cb7b329b4b72baee4cd1bb322af1feec73de79e68edb35d333c90b698", size = 30795, upload-time = "2025-11-02T10:01:08.862Z" },
    { url = "https://files.pythonhosted.org/packages/4c/26/ad549550e6a236818a91434570d38d7a93824b0410d3db1c845a53238e1f/lru_dict-1.4.1-cp311-cp311-manylinux2014_aarch64.manylinux_2_17_aarch64.manylinux_2_28_aarch64.whl", hash = "sha256:6ffbb6f3c1e906e92d9129c14a88d81358be1e0b60195c1729b215a52e9670de", size = 31807, upload-time = "2025-11-02T10:01:09.581Z" },
    { url = "https://files.pythonhosted.org/packages/7c/39/72dae9ac0e95a8576a45e3bd62a6fc3e7dbb116794efa1337c7b450d4836/lru_dict-1.4.1-cp311-cp311-manylinux2014_ppc64le.manylinux_2_17_ppc64le.manylinux_2_28_ppc64le.whl", hash = "sha256:11b289d78a48a086846e46d2275707d33523f5d543475336c29c56fd5d0e65dc", size = 33437, upload-time = "2025-11-02T10:01:10.676Z" },
    { url = "https://files.pythonhosted.org/packages/a8/46/221479834703a5397fa32f07212ace38f104a31ad1af8a921cf25e053677/lru_dict-1.4.1-cp311-cp311-musllinux_1_2_aarch64.whl", hash = "sha256:3fe10c1f45712e191eecb2a69604d566c64ddfe01136fd467c890ed558c3ad40", size = 31168, upload-time = "2025-11-02T10:01:11.47Z" },
    { url = "https://files.pythonhosted.org/packages/6e/13/98d36e2522fda7f6625c15332562f81f1465161a5ae021d9b3b408f8c427/lru_dict-1.4.1-cp311-cp311-musllinux_1_2_ppc64le.whl", hash = "sha256:e04820e3473bd7f55440f24c946ca4335e392d5e3e0e1e948020e94cd1954372", size = 32454, upload-time = "2025-11-02T10:01:12.522Z" },
    { url = "https://files.pythonhosted.org/packages/49/18/345ff2a98d27cddae40c84cf0466fcc329f3965cd21322bb561a94e4d332/lru_dict-1.4.1-cp311-cp311-musllinux_1_2_x86_64.whl", hash = "sha256:edc004c88911a8f9715e716116d2520c13db89afd6c37cc0f28042ba10635163", size = 30574, upload-time = "2025-11-02T10:01:13.293Z" },
    { url = "https://files.pythonhosted.org/packages/d7/92/dfea71402a7ca46332bcb854827ee68bbc9be205e2558c3a40293eca9782/lru_dict-1.4.1-cp311-cp311-win32.whl", hash = "sha256:b0b5360264b37676c405ea0a560744d7dcb2d47adff1e7837113c15fabcc7a71", size = 13031, upload-time = "2025-11-02T10:01:13.96Z" },
    { url = "https://files.pythonhosted.org/packages/3a/7b/4c7d566d77ec3ad9128f07407494c2aec57909f8dd59f0c9910bd4c05840/lru_dict-1.4.1-cp311-cp311-win_amd64.whl", hash = "sha256:bb4b37daad9fe4e796c462f4876cf34e52564630902bdf59a271bc482b48a361", size = 14007, upload-time = "2025-11-02T10:01:14.857Z" },
    { url = "https://files.pythonhosted.org/packages/4f/a8/89e4c26e0e751321b41b0a3007384f97d9eae7a863c49af1c68c43005ca3/lru_dict-1.4.1-cp312-cp312-macosx_10_13_universal2.whl", hash = "sha256:7fa342c6e6bc811ee6a17eb569d37b149340d5aa5a637a53438e316a95783838", size = 16683, upload-time = "2025-11-02T10:01:15.891Z" },
    { url = "https://files.pythonhosted.org/packages/f1/34/b3c6fdd120af68b6eeb524d0de3293ff27918ec57f45eed6bef1789fd085/lru_dict-1.4.1-cp312-cp312-macosx_10_13_x86_64.whl", hash = "sha256:bd86bd202a7c1585d9dc7e5b0c3d52cf76dc56b261b4bbecfeefbbae31a5c97d", size = 11216, upload-time = "2025-11-02T10:01:16.867Z" },
    { url = "https://files.pythonhosted.org/packages/e9/7e/280267ae23f1ec1074ddaab787c5e041e090220e8e37828d51ff4e681dfd/lru_dict-1.4.1-cp312-cp312-macosx_11_0_arm64.whl", hash = "sha256:4617554f3e42a8f520c8494842c23b98f5b7f4d5e0410e91a4c3ad0ea5f7e094", size = 11687, upload-time = "2025-11-02T10:01:17.485Z" },
    { url = "https://files.pythonhosted.org/packages/ca/18/fec42416ceff98ae2760067ec72b0b9fc02840e729bbc18059c6a02cb01f/lru_dict-1.4.1-cp312-cp312-manylinux1_x86_64.manylinux_2_28_x86_64.manylinux_2_5_x86_64.whl", hash = "sha256:40927a6a4284d437047f547e652b15f6f0f40210deb6b9e5b77e556ff0faea0f", size = 31960, upload-time = "2025-11-02T10:01:18.158Z" },
    { url = "https://files.pythonhosted.org/packages/c2/ef/38e7ee1a5d32b9b1629d045fa5a495375383aacfb2945f4d9535b9af9630/lru_dict-1.4.1-cp312-cp312-manylinux2014_aarch64.manylinux_2_17_aarch64.manylinux_2_28_aarch64.whl", hash = "sha256:e2c07ecb6d42494e45d00c2541e6b0ae7659fc3cf89681521ba94b15c682d4fe", size = 32882, upload-time = "2025-11-02T10:01:18.841Z" },
    { url = "https://files.pythonhosted.org/packages/72/82/d56653ca144c291ab37bea5f23c5078ffbe64f7f5b466f91d400590b9106/lru_dict-1.4.1-cp312-cp312-manylinux2014_ppc64le.manylinux_2_17_ppc64le.manylinux_2_28_ppc64le.whl", hash = "sha256:85b28aa2de7c5f1f6c68221857accd084438df98edbd4f57595795734225770c", size = 34268, upload-time = "2025-11-02T10:01:19.564Z" },
    { url = "https://files.pythonhosted.org/packages/94/ae/382651533d60f0b598757efda56dc87cad5ac311fba8e61f86fb916bf236/lru_dict-1.4.1-cp312-cp312-musllinux_1_2_aarch64.whl", hash = "sha256:cbbbb4b51e2529ccf7ee8a3c3b834052dbd54871a216cfd229dd2b1194ff293a", size = 32156, upload-time = "2025-11-02T10:01:20.22Z" },
    { url = "https://files.pythonhosted.org/packages/aa/d1/d9df7e9272ccbc96f04c477dfb9abb91fa8fabde86b7fa190cb7b3c7a024/lru_dict-1.4.1-cp312-cp312-musllinux_1_2_ppc64le.whl", hash = "sha256:e47040421a13de8bc6404557b3700c33f1f2683cbcce22fe5cacec4c938ce54b", size = 33395, upload-time = "2025-11-02T10:01:20.901Z" },
    { url = "https://files.pythonhosted.org/packages/e9/6e/dafe0f5943a7b3ab24d3429032ff85873acd626087934b8161b55340c13a/lru_dict-1.4.1-cp312-cp312-musllinux_1_2_x86_64.whl", hash = "sha256:451f7249866cb9564bb40d73bec7ac865574dafd0a4cc91627bbf35be7e99291", size = 31591, upload-time = "2025-11-02T10:01:21.606Z" },
    { url = "https://files.pythonhosted.org/packages/a6/4d/9dd35444592bfb6805548e15971cfce821400966a51130b78dc021ee8f03/lru_dict-1.4.1-cp312-cp312-win32.whl", hash = "sha256:e8996f3f94870ecb236c55d280839390edae7f201858fee770267eac27b8b47d", size = 13119, upload-time = "2025-11-02T10:01:22.61Z" },
    { url = "https://files.pythonhosted.org/packages/8d/82/7e72e30d6c15d65466b3baca87cce15e20848ba6a488868aa54e901141a6/lru_dict-1.4.1-cp312-cp312-win_amd64.whl", hash = "sha256:d90774db1b60c0d5c829cfa5d7fda6db96ed1519296f626575598f9f170cca37", size = 14109, upload-time = "2025-11-02T10:01:23.322Z" },
    { url = "https://files.pythonhosted.org/packages/85/95/ee171a68ae381ab988c50e3b7b136b1c598f5f683ba4a1e10c51e2480408/lru_dict-1.4.1-cp313-cp313-android_21_arm64_v8a.whl", hash = "sha256:2a5644bb1db0514abdad5e2f3d8f1beb6f7560c8cceb62079c40a4269de34b3c", size = 12248, upload-time = "2025-11-02T10:01:24.291Z" },
    { url = "https://files.pythonhosted.org/packages/a1/82/8de8e8fd96c44d46891415834ceb9f51c552840bda2d118394aca5e3153a/lru_dict-1.4.1-cp313-cp313-android_21_x86_64.whl", hash = "sha256:4209864be09ec20f6059fef8544697eb3d3729d63a983bf66457054bf3e40601", size = 12243, upload-time = "2025-11-02T10:01:25.254Z" },
    { url = "https://files.pythonhosted.org/packages/53/97/251cfb357c547a8fd06c2bc40db8a7f7eed7dbacef30d8d7e543522360e1/lru_dict-1.4.1-cp313-cp313-ios_13_0_arm64_iphoneos.whl", hash = "sha256:8fef8dd72484b4280799c502c116acfdfcf0dedf3508bc9d0d19e684a6a23267", size = 10938, upload-time = "2025-11-02T10:01:25.89Z" },
    { url = "https://files.pythonhosted.org/packages/58/14/602791d219bc87197ae80f5fa0f77ca0af8e83e9a06c7cdb89db5575839e/lru_dict-1.4.1-cp313-cp313-ios_13_0_arm64_iphonesimulator.whl", hash = "sha256:d64ddbe4c426fdc4cfc1abaea71d587d439397386a7b35d588f4fd64b695a83d", size = 11261, upload-time = "2025-11-02T10:01:26.879Z" },
    { url = "https://files.pythonhosted.org/packages/10/5d/a30a6fad150f20f084de8e243882a0488ad4929db41a2c8ce9be6cf56563/lru_dict-1.4.1-cp313-cp313-ios_13_0_x86_64_iphonesimulator.whl", hash = "sha256:000ba9a2ab4dd1ad2d91764a6d5cce75a59de51534cdda478d1ddaa3cd8d5c48", size = 10801, upload-time = "2025-11-02T10:01:27.553Z" },
    { url = "https://files.pythonhosted.org/packages/64/4d/cee327e024d42972c598b7e0cd5063a1b1d7451efba31f7de7b6ca91e7d0/lru_dict-1.4.1-cp313-cp313-macosx_10_13_universal2.whl", hash = "sha256:ffad2758ce21d8fd6f0ae2628b31330732db8429a4b5994d2e107bed0ee11e68", size = 16688, upload-time = "2025-11-02T10:01:28.17Z" },
    { url = "https://files.pythonhosted.org/packages/58/c8/2f86a1e448c5257b31424b96bf1385e7f96ec7841c2376db02811bbd395f/lru_dict-1.4.1-cp313-cp313-macosx_10_13_x86_64.whl", hash = "sha256:1671e8d92fe35dfb38d3505a56338792d3e225032f8e94888b6e95b323120380", size = 11214, upload-time = "2025-11-02T10:01:28.888Z" },
    { url = "https://files.pythonhosted.org/packages/06/41/507c615cffaba67c35affd77dec25d3183bb87f404b41c8bb2b3053481ac/lru_dict-1.4.1-cp313-cp313-macosx_11_0_arm64.whl", hash = "sha256:d5f01ada0cf0c1aa2bdc684e5ac0f6548be7eccc3ce8b4c0361db8445f867f04", size = 11689, upload-time = "2025-11-02T10:01:29.508Z" },
    { url = "https://files.pythonhosted.org/packages/4e/c1/35aa1359f80174016b389f8be5fd48c4a5af0a04a73afb4906e5d4279f4a/lru_dict-1.4.1-cp313-cp313-manylinux1_x86_64.manylinux_2_28_x86_64.manylinux_2_5_x86_64.whl", hash = "sha256:74204239e30b8ec7976257c5b64565d7e3e8aea0cad0dd50a9b99e171aaf3898", size = 32034, upload-time = "2025-11-02T10:01:30.164Z" },
    { url = "https://files.pythonhosted.org/packages/c2/93/46301015bddd4552a1b76982ef788a7fb2a886efff83ad2c178cc7e68349/lru_dict-1.4.1-cp313-cp313-manylinux2014_aarch64.manylinux_2_17_aarch64.manylinux_2_28_aarch64.whl", hash = "sha256:a7da0e451faa4d6dcae21c0f2527c540000b2f23ed8326a0bc1d870130fd12b1", size = 32919, upload-time = "2025-11-02T10:01:30.971Z" },
    { url = "https://files.pythonhosted.org/packages/e6/cb/6d67145619d8ec3bba15fe145ff702ecf44991e33345d38c763501c1608a/lru_dict-1.4.1-cp313-cp313-manylinux2014_ppc64le.manylinux_2_17_ppc64le.manylinux_2_28_ppc64le.whl", hash = "sha256:071468a716768a9afca64659c390c1abb6d937b1897e07a0b70383f75637fce0", size = 34334, upload-time = "2025-11-02T10:01:31.663Z" },
    { url = "https://files.pythonhosted.org/packages/a5/44/50daaec6793ec2042079ed6a8b6a687b4be51b270b1d8ec5efd280116493/lru_dict-1.4.1-cp313-cp313-musllinux_1_2_aarch64.whl", hash = "sha256:e77d209bcd396eb236c197bf4c95fab6848c61e0c1a5031cdde7f5c787e209f4", size = 32211, upload-time = "2025-11-02T10:01:32.468Z" },
    { url = "https://files.pythonhosted.org/packages/bd/53/355397949215e6b77b6771b973ee1dbc21fdd9f955925e47dce50d9d4727/lru_dict-1.4.1-cp313-cp313-musllinux_1_2_ppc64le.whl", hash = "sha256:b21688fd7ece56d04c0c13b42fd9f904d46fc9ff21e3de87d98f3f5a14c67f74", size = 33461, upload-time = "2025-11-02T10:01:33.2Z" },
    { url = "https://files.pythonhosted.org/packages/ff/fa/d660fa63144f38a0fd5b437a140517e3cff482d955ef6b9b4cf7651b9d85/lru_dict-1.4.1-cp313-cp313-musllinux_1_2_x86_64.whl", hash = "sha256:989ef7352b347c82e5d5047f3b7ddf34b5a938e3f7b08775cacc9f28e97dd2a8", size = 31651, upload-time = "2025-11-02T10:01:33.874Z" },
    { url = "https://files.pythonhosted.org/packages/2e/77/0fae8d0702f7546f436efe06a684b301aad5c8a167bb2df6e42b0f821de5/lru_dict-1.4.1-cp313-cp313-win32.whl", hash = "sha256:a36e6e95b5d474ef90d04a5e3ad81ca362b473ec9534ed964222f3c0444138b8", size = 13120, upload-time = "2025-11-02T10:01:34.595Z" },
    { url = "https://files.pythonhosted.org/packages/4a/20/56a3f0d74c8fe32c01d3978387f66c9fb180c7f15bfd9fcecaa01b4e7736/lru_dict-1.4.1-cp313-cp313-win_amd64.whl", hash = "sha256:8e73a1ec2d0f476d666ce7c91464b22854086951b319544d1850c508f5ce381f", size = 14112, upload-time = "2025-11-02T10:01:35.268Z" },
    { url = "https://files.pythonhosted.org/packages/98/02/8e04a8d744b466d4153502e2d92b453c2e5a549d49bf7fabfdca1621828a/lru_dict-1.4.1-cp314-cp314-ios_13_0_arm64_iphoneos.whl", hash = "sha256:7b770c7db258625e57b6ea8e2e0503ba0fbbdcde374baacf9adb256eb9c5adfa", size = 11119, upload-time = "2025-11-02T10:01:36.239Z" },
    { url = "https://files.pythonhosted.org/packages/50/f8/ee96f30127ff47c29966603f040e0485700fe0ca0e7d7b1ecbc9bf999eea/lru_dict-1.4.1-cp314-cp314-ios_13_0_arm64_iphonesimulator.whl", hash = "sha256:45d4dc338237cedcbacedab1afd9707b8f9867d8b601ec04e0395ec73f57405c", size = 11435, upload-time = "2025-11-02T10:01:36.857Z" },
    { url = "https://files.pythonhosted.org/packages/a0/5a/897b33ba1974b6487848cafa5de7e93a7c4f5d9d3f43319ee010f6882830/lru_dict-1.4.1-cp314-cp314-ios_13_0_x86_64_iphonesimulator.whl", hash = "sha256:5b31e9b6636f8945ad69c630c1891d810d62a91d99e792ef0b9ca865b6c26745", size = 10988, upload-time = "2025-11-02T10:01:37.531Z" },
    { url = "https://files.pythonhosted.org/packages/19/8e/b87d0f2bfcad0169afc00e23e014bad9af252206ec2cbc6079f12bece58e/lru_dict-1.4.1-cp314-cp314-macosx_10_13_universal2.whl", hash = "sha256:f9335d46c83882a1b5deffed8098a2dd9ad66d2bd6263f416fc4c73f63e26904", size = 16733, upload-time = "2025-11-02T10:01:38.194Z" },
    { url = "https://files.pythonhosted.org/packages/ab/19/d2384266864b1e5b1cc20527ae468550d3b23a71636371b40e4663276294/lru_dict-1.4.1-cp314-cp314-macosx_10_13_x86_64.whl", hash = "sha256:17844b4f8dd996144d53380395d73832e2508159ad49ed4fbcb62f1787a5feaf", size = 11222, upload-time = "2025-11-02T10:01:39.093Z" },
    { url = "https://files.pythonhosted.org/packages/66/8a/94dec42ae6b5c8bdc53a86867924fa22634516434f129dca187ccc0853b8/lru_dict-1.4.1-cp314-cp314-macosx_11_0_arm64.whl", hash = "sha256:2b569c7813adb753b7b631097c34e6dbc194cb1814f22299c2d2a94894779877", size = 11733, upload-time = "2025-11-02T10:01:39.739Z" },
    { url = "https://files.pythonhosted.org/packages/3f/19/0b6de1db804cf094e201c5541d58e6a96359eb5beed048fa64d0589b6520/lru_dict-1.4.1-cp314-cp314-manylinux1_x86_64.manylinux_2_28_x86_64.manylinux_2_5_x86_64.whl", hash = "sha256:33cf1eb368d3989b8f00945937cfbfc2095d8ad2b1d2274ce1bde0af6f6d1e66", size = 32251, upload-time = "2025-11-02T10:01:40.421Z" },
    { url = "https://files.pythonhosted.org/packages/97/38/89d9425dde436b9bd894234171988289b259aeeab5965bd2c21d5104cb41/lru_dict-1.4.1-cp314-cp314-manylinux2014_aarch64.manylinux_2_17_aarch64.manylinux_2_28_aarch64.whl", hash = "sha256:22d5879ec5d5955f9dde105997bdf7ec9e0522bf99612a80b55b09f356a08368", size = 33405, upload-time = "2025-11-02T10:01:41.917Z" },
    { url = "https://files.pythonhosted.org/packages/0e/24/f1a189399ee107a64f955c9d6c84d3b0aee9b64b31fc5684b1eaeb3a6fc0/lru_dict-1.4.1-cp314-cp314-manylinux2014_ppc64le.manylinux_2_17_ppc64le.manylinux_2_28_ppc64le.whl", hash = "sha256:2084363e4488aa5b4f8b26bd3cc148d70a15be92e3d347621a5b830b2b1e0a82", size = 35135, upload-time = "2025-11-02T10:01:42.935Z" },
    { url = "https://files.pythonhosted.org/packages/f8/57/58e9dcf0853d639e2995e5d9f84649ff8d6792a04a418628672a130137f4/lru_dict-1.4.1-cp314-cp314-musllinux_1_2_aarch64.whl", hash = "sha256:8198ab8ad7cc81b86340243ddd5cca882ead87daed0c9fa6cce377a10a7f2e47", size = 32620, upload-time = "2025-11-02T10:01:43.627Z" },
    { url = "https://files.pythonhosted.org/packages/a9/bb/664922f0cf076b1e3c2e43e8258582d507b07c19bd441a72dd5547a483e9/lru_dict-1.4.1-cp314-cp314-musllinux_1_2_ppc64le.whl", hash = "sha256:f1f4ae6967d5873e684ce8b986e2e43985d0a1be735b09584737ad5634ff48f3", size = 34077, upload-time = "2025-11-02T10:01:44.694Z" },
    { url = "https://files.pythonhosted.org/packages/58/38/b7a6fa85b150232cada26a50c89dc4bcf9acd6ada00e987b074c3b4e57f2/lru_dict-1.4.1-cp314-cp314-musllinux_1_2_x86_64.whl", hash = "sha256:a9bb130b5eaddd6453ca3dc38ce4a75f743512ad135b6f3994999dde0680bd79", size = 31905, upload-time = "2025-11-02T10:01:45.668Z" },
    { url = "https://files.pythonhosted.org/packages/86/7d/9c86393946d621f4aec852d543df4023241d85106e9e1e2a0e4057861f71/lru_dict-1.4.1-cp314-cp314-win32.whl", hash = "sha256:5534c69a52add5757714456d08ce3831d36b86c98972394ba900493bb0bd97f8", size = 13435, upload-time = "2025-11-02T10:01:46.397Z" },
    { url = "https://files.pythonhosted.org/packages/20/3f/b017cbeea55a8a1d18037840a8a9c9cdae29554e9985b55d4e8694305035/lru_dict-1.4.1-cp314-cp314-win_amd64.whl", hash = "sha256:96fd677b6d912229f2d02ba61a5a1210176963c4770c1bb765b8da937cec3834", size = 14423, upload-time = "2025-11-02T10:01:47.473Z" },
    { url = "https://files.pythonhosted.org/packages/aa/73/13132af7a5155edde66979b53eb509465304e6e5a2b00769246448479c73/lru_dict-1.4.1-cp314-cp314t-macosx_10_13_universal2.whl", hash = "sha256:6699bfebbf11dd9ff1387be7996fac6d1009fe6a6f48091ef6e069e6f19c7bce", size = 17184, upload-time = "2025-11-02T10:01:48.161Z" },
    { url = "https://files.pythonhosted.org/packages/ef/82/094985beb3e49461bf65a3c40df8de2018b8484e4ef129295090460ca5d9/lru_dict-1.4.1-cp314-cp314t-macosx_10_13_x86_64.whl", hash = "sha256:a276f8f6f43861c3f05986824741d00e3133a973c3396598375310129535382d", size = 11459, upload-time = "2025-11-02T10:01:48.823Z" },
    { url = "https://files.pythonhosted.org/packages/14/29/836abc49f8c2b6c2efccd2ac2b2c0ad3e55b7d75a05a20cc061f17871e39/lru_dict-1.4.1-cp314-cp314t-macosx_11_0_arm64.whl", hash = "sha256:090c7b6a3d54fa7f3d69ba4802abe2f33c9583b16b33f52bcb521c701f7ea46c", size = 11938, upload-time = "2025-11-02T10:01:49.448Z" },
    { url = "https://files.pythonhosted.org/packages/c2/83/1bb4e8fbc0b753fea825564d9d96180813a71715d46a9b6bb30a6dea4ce0/lru_dict-1.4.1-cp314-cp314t-manylinux1_x86_64.manylinux_2_28_x86_64.manylinux_2_5_x86_64.whl", hash = "sha256:b21d06dec64fb1952385262d9fcefaec147921dc0b55210007091a79da440d93", size = 36389, upload-time = "2025-11-02T10:01:50.49Z" },
    { url = "https://files.pythonhosted.org/packages/54/f2/7df3b6d0dbc66f3be9aa6261750967cdc5619c89a563420c52200d2dd547/lru_dict-1.4.1-cp314-cp314t-manylinux2014_aarch64.manylinux_2_17_aarch64.manylinux_2_28_aarch64.whl", hash = "sha256:b9613908a38cf8aa47f6c138ba031a8ac4ed38460299e84a2b07dba7b3b45aae", size = 38706, upload-time = "2025-11-02T10:01:51.197Z" },
    { url = "https://files.pythonhosted.org/packages/97/5f/e3ba3eeb9b864a09b92e24fbf179aef4ef48588e763a9d8d2bc10bd2c6f8/lru_dict-1.4.1-cp314-cp314t-manylinux2014_ppc64le.manylinux_2_17_ppc64le.manylinux_2_28_ppc64le.whl", hash = "sha256:7558302ce8bbfcd29f08e695e07bf7a0d799c2979636d6a6a0b4e207f840969f", size = 38892, upload-time = "2025-11-02T10:01:51.899Z" },
    { url = "https://files.pythonhosted.org/packages/e8/e3/12e0888aab0bf3ab9ce35e9849f239994a0feff6fe49380859bf57124a17/lru_dict-1.4.1-cp314-cp314t-musllinux_1_2_aarch64.whl", hash = "sha256:3910396142322fb2718546115bb2a56f50ebc9144b5140327053cca084e0d375", size = 37254, upload-time = "2025-11-02T10:01:52.587Z" },
    { url = "https://files.pythonhosted.org/packages/cc/dc/06cd981718d039eb07a9c03263094aca6269721c470f765a292b24381a20/lru_dict-1.4.1-cp314-cp314t-musllinux_1_2_ppc64le.whl", hash = "sha256:f3f4fad5c4a9458954b275de6a6e31c67a26fbef7037c6a7354e22523a77db26", size = 37422, upload-time = "2025-11-02T10:01:53.271Z" },
    { url = "https://files.pythonhosted.org/packages/e8/82/ea88e618f39d78ff3c15b71f01a0b1a6c6ac2034ce5c6428ae41b1c30ea5/lru_dict-1.4.1-cp314-cp314t-musllinux_1_2_x86_64.whl", hash = "sha256:85fc29363e2d3ba0a5f87b5e17f54b1078aea6d24c6dfc792725854b9d0f8d17", size = 35909, upload-time = "2025-11-02T10:01:54.356Z" },
    { url = "https://files.pythonhosted.org/packages/89/36/1dd91c602f623839cec24d6c77fa3fd1a8878bf2d716871197cd3bf084dc/lru_dict-1.4.1-cp314-cp314t-win32.whl", hash = "sha256:b3853518dfa50f28af0d6e2dcf8bb8b0a1687c5f4eb913c0b35b0da5c6d276ce", size = 13816, upload-time = "2025-11-02T10:01:55.417Z" },
    { url = "https://files.pythonhosted.org/packages/ce/a3/113410f7b2e61e9d6f13f1f17c584dbd08b5796e65d772ecd5b063fab3af/lru_dict-1.4.1-cp314-cp314t-win_amd64.whl", hash = "sha256:ff3af42922205620fdc920dcdf580c4c16b32c84a537a03b04b523e5c641a8a9", size = 15204, upload-time = "2025-11-02T10:01:56.06Z" },
    { url = "https://files.pythonhosted.org/packages/98/0f/3c1f4fec9f7d7c2a34d1c481fb2cf5efd9a99ad53fde064e329085eac00c/lru_dict-1.4.1-cp39-cp39-macosx_10_9_universal2.whl", hash = "sha256:8fd6c12f48bb6f20b0306dd9627c1057513922ac576f00776a44bd3e125ee551", size = 16759, upload-time = "2025-11-02T10:01:56.73Z" },
    { url = "https://files.pythonhosted.org/packages/34/3f/24638520d258027127ac23ffc3bd495232b41ce843e7ae0d0096377943d2/lru_dict-1.4.1-cp39-cp39-macosx_10_9_x86_64.whl", hash = "sha256:ee7c3fe50c0c9efe04692fe0b3f52c8229e05e736d3274f188fb1db5de20e251", size = 11242, upload-time = "2025-11-02T10:01:57.448Z" },
    { url = "https://files.pythonhosted.org/packages/f1/67/2453b2ea9e0ae94284ea88c799c8007ffe702f9692e3eed3bead3a8a7542/lru_dict-1.4.1-cp39-cp39-macosx_11_0_arm64.whl", hash = "sha256:78cf04c059867e8d1bbea1647c35a13e34fe902121c3e4671a5800210b6cbb07", size = 11728, upload-time = "2025-11-02T10:01:58.151Z" },
    { url = "https://files.pythonhosted.org/packages/77/3f/7dfc323c75e1359e563b6e969cf5b36c73b5eae124a9423b2e68db6e25d1/lru_dict-1.4.1-cp39-cp39-manylinux1_x86_64.manylinux_2_28_x86_64.manylinux_2_5_x86_64.whl", hash = "sha256:1f185a9078e94c89127f5952a737a9060d807e5ef74f31dbcb755e9b03659a7b", size = 29497, upload-time = "2025-11-02T10:01:58.798Z" },
    { url = "https://files.pythonhosted.org/packages/89/33/0eaf7d12d30b7024eabb6805f2b235a2fcfa5b6abf7c48ba0246b959262c/lru_dict-1.4.1-cp39-cp39-manylinux2014_aarch64.manylinux_2_17_aarch64.manylinux_2_28_aarch64.whl", hash = "sha256:4c1b0540cbf2abd97574d110e5b540998d0634451ada11cac139e9dbc5220ad7", size = 30477, upload-time = "2025-11-02T10:01:59.627Z" },
    { url = "https://files.pythonhosted.org/packages/41/eb/324daf61bb6f14ca4b572a6442995b2f11454314a38daaaa94202d8464e4/lru_dict-1.4.1-cp39-cp39-manylinux2014_ppc64le.manylinux_2_17_ppc64le.manylinux_2_28_ppc64le.whl", hash = "sha256:73d7a97312ca50b26e78f676722631565e12f87d26cdfbdfd73f78d062265240", size = 32133, upload-time = "2025-11-02T10:02:00.498Z" },
    { url = "https://files.pythonhosted.org/packages/f2/f1/04c341e1c27924c7721e1a7827fa0197a8cecce170f33689a3fc563d97b7/lru_dict-1.4.1-cp39-cp39-musllinux_1_2_aarch64.whl", hash = "sha256:8fc5732d5612d1c355ee834ed47854827f7dfe2c0a2dd1ee56a43fed4091bf72", size = 29842, upload-time = "2025-11-02T10:02:01.581Z" },
    { url = "https://files.pythonhosted.org/packages/a0/ca/6f41fc80091ea6e765d0b4cebcbead66d919cd8db2845f5a00daa0598c56/lru_dict-1.4.1-cp39-cp39-musllinux_1_2_ppc64le.whl", hash = "sha256:43a9330e3cd8663a371c4ff54c7ff8142b2cc5ed63a53b774455e2846abe86ef", size = 31134, upload-time = "2025-11-02T10:02:02.255Z" },
    { url = "https://files.pythonhosted.org/packages/cf/60/5a6c2b0e111125bd5fc116fc46311cc767cbf2896142847f7c823541eb75/lru_dict-1.4.1-cp39-cp39-musllinux_1_2_x86_64.whl", hash = "sha256:64d7028b087e8b387fb16da7068cc3e9e70a79b284c838ba5e0302ec74aa7fdc", size = 29178, upload-time = "2025-11-02T10:02:02.935Z" },
    { url = "https://files.pythonhosted.org/packages/f7/b9/0a0619a58a3d33a391e9bd9546c5184a55c8cdb5df44d79b688edebcaacc/lru_dict-1.4.1-cp39-cp39-win32.whl", hash = "sha256:ffbb4eedc45eb629ca073795c53bf8de935a39cb58014b6af3487098d2f19098", size = 13100, upload-time = "2025-11-02T10:02:03.676Z" },
    { url = "https://files.pythonhosted.org/packages/c4/13/8f4f6335fc87a794ba307f56ca07e2df34dd0cde86ce719935e034755093/lru_dict-1.4.1-cp39-cp39-win_amd64.whl", hash = "sha256:fc7544acfad4dd799f1a440ec51b01f19c53990275cc531e3657e857e6b427af", size = 14037, upload-time = "2025-11-02T10:02:04.387Z" },
    { url = "https://files.pythonhosted.org/packages/ec/de/18ac3957e1aa6674a0a828748c819265f79b524ff30cbb0ac7f08ab786c8/lru_dict-1.4.1-pp310-pypy310_pp73-macosx_10_15_x86_64.whl", hash = "sha256:cc9dd191870555624bbf3903c8afa3f01815ca3256ed8b35cb323f0db3ce4f98", size = 10467, upload-time = "2025-11-02T10:02:05.717Z" },
    { url = "https://files.pythonhosted.org/packages/0c/53/2a0bedaa64950cc56ade72e2f5a292318473585d9a3adc797d13b38082e7/lru_dict-1.4.1-pp310-pypy310_pp73-macosx_11_0_arm64.whl", hash = "sha256:afdf92b332632aa6e4b8646e93723f50f41fece2a80a54d2b44e8ac67f913ceb", size = 10871, upload-time = "2025-11-02T10:02:06.353Z" },
    { url = "https://files.pythonhosted.org/packages/4e/e2/d5ea49d62ea142559fd9cafd8505d4a4f87a1d81953a9c99fa61e7ccbd6b/lru_dict-1.4.1-pp310-pypy310_pp73-manylinux1_x86_64.manylinux_2_28_x86_64.manylinux_2_5_x86_64.whl", hash = "sha256:3d6770adafae25663b682420891a10a5894595f02b1e4d87766f7adc8e56e72a", size = 12969, upload-time = "2025-11-02T10:02:07.196Z" },
    { url = "https://files.pythonhosted.org/packages/a2/67/0672caac9a04dc9011f7a27fc2ec2003f0bfa008070b29940d05b4dae56a/lru_dict-1.4.1-pp310-pypy310_pp73-manylinux2014_aarch64.manylinux_2_17_aarch64.manylinux_2_28_aarch64.whl", hash = "sha256:018cd3b41224ca81eb83cdf6db024409a920e5c1d3ce4e8b323cb66e24a73132", size = 13959, upload-time = "2025-11-02T10:02:08.267Z" },
    { url = "https://files.pythonhosted.org/packages/e3/7e/313385214a5011cf9fe8376928f66f70bfedc48d8f7ab424292224ed4907/lru_dict-1.4.1-pp310-pypy310_pp73-win_amd64.whl", hash = "sha256:781dbcf0c83160e525482a4ebcd7c5065851a6c7295f1cda78248a2029f23f39", size = 14084, upload-time = "2025-11-02T10:02:08.993Z" },
    { url = "https://files.pythonhosted.org/packages/8e/47/08c61cad038706b3a89b8c7587ec74ed9731c1e536329745cccb6c840916/lru_dict-1.4.1-pp311-pypy311_pp73-macosx_10_15_x86_64.whl", hash = "sha256:9219f13e4101c064f70e1815d7c51f9be9e053983e74dfb7bcfdf92f5fcbb0e0", size = 10384, upload-time = "2025-11-02T10:02:09.656Z" },
    { url = "https://files.pythonhosted.org/packages/6b/a1/022c4d7c68c076370231488c97cf7451131fb9ca0d60d1b2785e7baa1f5b/lru_dict-1.4.1-pp311-pypy311_pp73-macosx_11_0_arm64.whl", hash = "sha256:b7e1ac7fb6e91e4d3212e153f9e2d98d163a4439b9bf9df247c22519262c26fe", size = 10822, upload-time = "2025-11-02T10:02:10.609Z" },
    { url = "https://files.pythonhosted.org/packages/65/b4/4c0a0877a77fececa9f58d804569e2aac1bfbe588e3a70e79647b5d8f7d4/lru_dict-1.4.1-pp311-pypy311_pp73-manylinux1_x86_64.manylinux_2_28_x86_64.manylinux_2_5_x86_64.whl", hash = "sha256:23424321b761c43f3021a596565f8205ecec0e175822e7a5d9b2a175578aa7de", size = 12968, upload-time = "2025-11-02T10:02:11.405Z" },
    { url = "https://files.pythonhosted.org/packages/22/06/d7e393d07dc31e656330d5a058f34e972bf590e7dc882922b426f3aec4a0/lru_dict-1.4.1-pp311-pypy311_pp73-manylinux2014_aarch64.manylinux_2_17_aarch64.manylinux_2_28_aarch64.whl", hash = "sha256:804ee76f98afc3d50e9a2e9c835a6820877aa6391f2add520a57f86b3f55ec3a", size = 13904, upload-time = "2025-11-02T10:02:12.144Z" },
    { url = "https://files.pythonhosted.org/packages/e8/1e/0eee8bcc16bf01b265ac83e4b870596e2f3bcc40d88aa7ec25407180fe44/lru_dict-1.4.1-pp311-pypy311_pp73-win_amd64.whl", hash = "sha256:3be24e24c8998302ea1c28f997505fa6843f507aad3c7d5c3a82cc01c5c11be4", size = 14062, upload-time = "2025-11-02T10:02:12.878Z" },
]
